
Microsoft Visual Studio Solution File, Format Version 12.00
# Visual Studio Version 17
VisualStudioVersion = 17.3.32611.2
MinimumVisualStudioVersion = 10.0.40219.1
Project("{FAE04EC0-301F-11D3-BF4B-00C04F79EFBC}") = "OpenSilverValidation", "OpenSilverValidation\OpenSilverValidation.csproj", "{89E11A99-C267-44AB-BEEB-1C7DD4A9E3D1}"
EndProject
Project("{FAE04EC0-301F-11D3-BF4B-00C04F79EFBC}") = "OpenSilverValidation.Browser", "OpenSilverValidation.Browser\OpenSilverValidation.Browser.csproj", "{EEF0B727-9435-41FC-BBCC-DC8993B021F3}"
EndProject
Project("{FAE04EC0-301F-11D3-BF4B-00C04F79EFBC}") = "OpenSilverValidation.Simulator", "OpenSilverValidation.Simulator\OpenSilverValidation.Simulator.csproj", "{590A5551-EB39-49BF-AFAD-DE0A0BB4BB56}"
EndProject
Global
	GlobalSection(SolutionConfigurationPlatforms) = preSolution
		Debug|Any CPU = Debug|Any CPU
		Release|Any CPU = Release|Any CPU
	EndGlobalSection
	GlobalSection(ProjectConfigurationPlatforms) = postSolution
		{89E11A99-C267-44AB-BEEB-1C7DD4A9E3D1}.Debug|Any CPU.ActiveCfg = Debug|Any CPU
		{89E11A99-C267-44AB-BEEB-1C7DD4A9E3D1}.Debug|Any CPU.Build.0 = Debug|Any CPU
		{89E11A99-C267-44AB-BEEB-1C7DD4A9E3D1}.Release|Any CPU.ActiveCfg = Release|Any CPU
		{89E11A99-C267-44AB-BEEB-1C7DD4A9E3D1}.Release|Any CPU.Build.0 = Release|Any CPU
		{EEF0B727-9435-41FC-BBCC-DC8993B021F3}.Debug|Any CPU.ActiveCfg = Debug|Any CPU
		{EEF0B727-9435-41FC-BBCC-DC8993B021F3}.Debug|Any CPU.Build.0 = Debug|Any CPU
		{EEF0B727-9435-41FC-BBCC-DC8993B021F3}.Release|Any CPU.ActiveCfg = Release|Any CPU
		{EEF0B727-9435-41FC-BBCC-DC8993B021F3}.Release|Any CPU.Build.0 = Release|Any CPU
		{590A5551-EB39-49BF-AFAD-DE0A0BB4BB56}.Debug|Any CPU.ActiveCfg = Debug|Any CPU
		{590A5551-EB39-49BF-AFAD-DE0A0BB4BB56}.Debug|Any CPU.Build.0 = Debug|Any CPU
		{590A5551-EB39-49BF-AFAD-DE0A0BB4BB56}.Release|Any CPU.ActiveCfg = Release|Any CPU
		{590A5551-EB39-49BF-AFAD-DE0A0BB4BB56}.Release|Any CPU.Build.0 = Release|Any CPU
	EndGlobalSection
	GlobalSection(SolutionProperties) = preSolution
		HideSolutionNode = FALSE
	EndGlobalSection
	GlobalSection(ExtensibilityGlobals) = postSolution
		SolutionGuid = {8677DF6A-C79B-4E67-B3D5-2DD77513EB18}
	EndGlobalSection
EndGlobal
